
Microsoft Visual Studio Solution File, Format Version 12.00
# Visual Studio 15
VisualStudioVersion = 15.0.27004.2008
MinimumVisualStudioVersion = 10.0.40219.1
Project("{2150E333-8FDC-42A3-9474-1A3956D46DE8}") = "Src", "Src", "{58843026-A0E1-4B0F-8215-58176CA265A4}"
EndProject
Project("{2150E333-8FDC-42A3-9474-1A3956D46DE8}") = "Tests", "Tests", "{EA555F6B-85D7-4599-A699-21DA7782F6E1}"
EndProject
Project("{2150E333-8FDC-42A3-9474-1A3956D46DE8}") = "UnitTests", "UnitTests", "{009C1E99-1EF9-4870-BD23-9C392F7D2CDD}"
EndProject
Project("{FAE04EC0-301F-11D3-BF4B-00C04F79EFBC}") = "CRM.WebSite", "Src\CRM.WebSite\CRM.WebSite.csproj", "{04EBB3C5-C883-4DBB-AD93-B8BE18D75CFB}"
EndProject
Project("{FAE04EC0-301F-11D3-BF4B-00C04F79EFBC}") = "CRM.Shared", "Src\CRM.Shared\CRM.Shared.csproj", "{17AE8E92-97AA-4B7D-B157-6BF6E348616B}"
EndProject
Project("{FAE04EC0-301F-11D3-BF4B-00C04F79EFBC}") = "CRM.EventSourcing", "Src\CRM.EventSourcing\CRM.EventSourcing.csproj", "{4F37FFBA-A5D7-41B9-86F3-D676768614DC}"
EndProject
Project("{2150E333-8FDC-42A3-9474-1A3956D46DE8}") = ".nuget", ".nuget", "{85583B54-172F-42B9-A653-31D1A739BE60}"
	ProjectSection(SolutionItems) = preProject
		.nuget\NuGet.Config = .nuget\NuGet.Config
		.nuget\NuGet.exe = .nuget\NuGet.exe
	EndProjectSection
EndProject
Project("{FAE04EC0-301F-11D3-BF4B-00C04F79EFBC}") = "CRM.Core", "Src\CRM.Core\CRM.Core.csproj", "{DCFDEB98-65A9-4A42-B835-59C4EA341D06}"
EndProject
Project("{FAE04EC0-301F-11D3-BF4B-00C04F79EFBC}") = "CRM.Domain", "Src\CRM.Domain\CRM.Domain.csproj", "{555312FD-A281-4969-B122-9AFDF850EBF1}"
EndProject
Project("{FAE04EC0-301F-11D3-BF4B-00C04F79EFBC}") = "CRM.Data", "Src\CRM.Data\CRM.Data.csproj", "{3167D087-721D-4EA9-99C1-C6585A0725A4}"
EndProject
Project("{2150E333-8FDC-42A3-9474-1A3956D46DE8}") = "IntegrationTests", "IntegrationTests", "{21B91041-0447-4AFF-820F-F35767D2B414}"
EndProject
Project("{FAE04EC0-301F-11D3-BF4B-00C04F79EFBC}") = "CRM.Data.IntegrationTests", "Tests\IntegrationTests\CRM.Data.IntegrationTests\CRM.Data.IntegrationTests.csproj", "{59EE9EC8-12AE-44EF-8DBA-052A4A476D4F}"
EndProject
Project("{FAE04EC0-301F-11D3-BF4B-00C04F79EFBC}") = "CRM.WebSite.UnitTest", "Tests\UnitTests\CRM.WebSite.UnitTest\CRM.WebSite.UnitTest.csproj", "{217D43E6-DA46-4828-9600-6F4102D7D30F}"
EndProject
Project("{FAE04EC0-301F-11D3-BF4B-00C04F79EFBC}") = "CRM.Core.UnitTests", "Tests\UnitTests\CRM.Core.UnitTests\CRM.Core.UnitTests.csproj", "{F087401B-A067-4FE5-B26E-3BD57502682C}"
EndProject
Project("{2150E333-8FDC-42A3-9474-1A3956D46DE8}") = "Data", "Data", "{5062AD66-CE3C-43BF-89F1-6E493AACE763}"
EndProject
Project("{00D1A9C2-B5F0-4AF3-8072-F6C62B433612}") = "Database", "Database\Database.sqlproj", "{B71CF071-B85C-4F91-996C-21E38487B4DD}"
EndProject
Project("{FAE04EC0-301F-11D3-BF4B-00C04F79EFBC}") = "CRM.Diagnostic.Elasticsearch", "Src\CRM.Diagnostic.Elasticsearch\CRM.Diagnostic.Elasticsearch.csproj", "{CCE40BD2-3C20-483F-8459-465CB713A705}"
EndProject
Project("{FAE04EC0-301F-11D3-BF4B-00C04F79EFBC}") = "CRM.Common", "Src\CRM.Common\CRM.Common.csproj", "{BB6006C6-BCD8-4A9F-ADE6-940A47E83DAB}"
EndProject
Project("{FAE04EC0-301F-11D3-BF4B-00C04F79EFBC}") = "CRM.Domain.UnitTests", "Tests\CRM.Domain.UnitTests\CRM.Domain.UnitTests.csproj", "{B76666A6-298D-4BA0-A1BD-E450E2E8E079}"
EndProject
Project("{2150E333-8FDC-42A3-9474-1A3956D46DE8}") = "Samples", "Samples", "{9044FB01-D109-4A7E-9715-4386350E701B}"
	ProjectSection(SolutionItems) = preProject
		Samples\customers.csv = Samples\customers.csv
		Samples\users.json = Samples\users.json
	EndProjectSection
EndProject
Global
	GlobalSection(SolutionConfigurationPlatforms) = preSolution
		Debug|Any CPU = Debug|Any CPU
		Release|Any CPU = Release|Any CPU
	EndGlobalSection
	GlobalSection(ProjectConfigurationPlatforms) = postSolution
		{04EBB3C5-C883-4DBB-AD93-B8BE18D75CFB}.Debug|Any CPU.ActiveCfg = Debug|Any CPU
		{04EBB3C5-C883-4DBB-AD93-B8BE18D75CFB}.Debug|Any CPU.Build.0 = Debug|Any CPU
		{04EBB3C5-C883-4DBB-AD93-B8BE18D75CFB}.Release|Any CPU.ActiveCfg = Release|Any CPU
		{04EBB3C5-C883-4DBB-AD93-B8BE18D75CFB}.Release|Any CPU.Build.0 = Release|Any CPU
		{17AE8E92-97AA-4B7D-B157-6BF6E348616B}.Debug|Any CPU.ActiveCfg = Debug|Any CPU
		{17AE8E92-97AA-4B7D-B157-6BF6E348616B}.Debug|Any CPU.Build.0 = Debug|Any CPU
		{17AE8E92-97AA-4B7D-B157-6BF6E348616B}.Release|Any CPU.ActiveCfg = Release|Any CPU
		{17AE8E92-97AA-4B7D-B157-6BF6E348616B}.Release|Any CPU.Build.0 = Release|Any CPU
		{4F37FFBA-A5D7-41B9-86F3-D676768614DC}.Debug|Any CPU.ActiveCfg = Debug|Any CPU
		{4F37FFBA-A5D7-41B9-86F3-D676768614DC}.Debug|Any CPU.Build.0 = Debug|Any CPU
		{4F37FFBA-A5D7-41B9-86F3-D676768614DC}.Release|Any CPU.ActiveCfg = Release|Any CPU
		{4F37FFBA-A5D7-41B9-86F3-D676768614DC}.Release|Any CPU.Build.0 = Release|Any CPU
		{DCFDEB98-65A9-4A42-B835-59C4EA341D06}.Debug|Any CPU.ActiveCfg = Debug|Any CPU
		{DCFDEB98-65A9-4A42-B835-59C4EA341D06}.Debug|Any CPU.Build.0 = Debug|Any CPU
		{DCFDEB98-65A9-4A42-B835-59C4EA341D06}.Release|Any CPU.ActiveCfg = Release|Any CPU
		{DCFDEB98-65A9-4A42-B835-59C4EA341D06}.Release|Any CPU.Build.0 = Release|Any CPU
		{555312FD-A281-4969-B122-9AFDF850EBF1}.Debug|Any CPU.ActiveCfg = Debug|Any CPU
		{555312FD-A281-4969-B122-9AFDF850EBF1}.Debug|Any CPU.Build.0 = Debug|Any CPU
		{555312FD-A281-4969-B122-9AFDF850EBF1}.Release|Any CPU.ActiveCfg = Release|Any CPU
		{555312FD-A281-4969-B122-9AFDF850EBF1}.Release|Any CPU.Build.0 = Release|Any CPU
		{3167D087-721D-4EA9-99C1-C6585A0725A4}.Debug|Any CPU.ActiveCfg = Debug|Any CPU
		{3167D087-721D-4EA9-99C1-C6585A0725A4}.Debug|Any CPU.Build.0 = Debug|Any CPU
		{3167D087-721D-4EA9-99C1-C6585A0725A4}.Release|Any CPU.ActiveCfg = Release|Any CPU
		{3167D087-721D-4EA9-99C1-C6585A0725A4}.Release|Any CPU.Build.0 = Release|Any CPU
		{59EE9EC8-12AE-44EF-8DBA-052A4A476D4F}.Debug|Any CPU.ActiveCfg = Debug|Any CPU
		{59EE9EC8-12AE-44EF-8DBA-052A4A476D4F}.Debug|Any CPU.Build.0 = Debug|Any CPU
		{59EE9EC8-12AE-44EF-8DBA-052A4A476D4F}.Release|Any CPU.ActiveCfg = Release|Any CPU
		{59EE9EC8-12AE-44EF-8DBA-052A4A476D4F}.Release|Any CPU.Build.0 = Release|Any CPU
		{217D43E6-DA46-4828-9600-6F4102D7D30F}.Debug|Any CPU.ActiveCfg = Debug|Any CPU
		{217D43E6-DA46-4828-9600-6F4102D7D30F}.Debug|Any CPU.Build.0 = Debug|Any CPU
		{217D43E6-DA46-4828-9600-6F4102D7D30F}.Release|Any CPU.ActiveCfg = Release|Any CPU
		{217D43E6-DA46-4828-9600-6F4102D7D30F}.Release|Any CPU.Build.0 = Release|Any CPU
		{F087401B-A067-4FE5-B26E-3BD57502682C}.Debug|Any CPU.ActiveCfg = Debug|Any CPU
		{F087401B-A067-4FE5-B26E-3BD57502682C}.Debug|Any CPU.Build.0 = Debug|Any CPU
		{F087401B-A067-4FE5-B26E-3BD57502682C}.Release|Any CPU.ActiveCfg = Release|Any CPU
		{F087401B-A067-4FE5-B26E-3BD57502682C}.Release|Any CPU.Build.0 = Release|Any CPU
		{B71CF071-B85C-4F91-996C-21E38487B4DD}.Debug|Any CPU.ActiveCfg = Debug|Any CPU
		{B71CF071-B85C-4F91-996C-21E38487B4DD}.Debug|Any CPU.Build.0 = Debug|Any CPU
		{B71CF071-B85C-4F91-996C-21E38487B4DD}.Debug|Any CPU.Deploy.0 = Debug|Any CPU
		{B71CF071-B85C-4F91-996C-21E38487B4DD}.Release|Any CPU.ActiveCfg = Release|Any CPU
		{B71CF071-B85C-4F91-996C-21E38487B4DD}.Release|Any CPU.Build.0 = Release|Any CPU
		{B71CF071-B85C-4F91-996C-21E38487B4DD}.Release|Any CPU.Deploy.0 = Release|Any CPU
		{CCE40BD2-3C20-483F-8459-465CB713A705}.Debug|Any CPU.ActiveCfg = Debug|Any CPU
		{CCE40BD2-3C20-483F-8459-465CB713A705}.Debug|Any CPU.Build.0 = Debug|Any CPU
		{CCE40BD2-3C20-483F-8459-465CB713A705}.Release|Any CPU.ActiveCfg = Release|Any CPU
		{CCE40BD2-3C20-483F-8459-465CB713A705}.Release|Any CPU.Build.0 = Release|Any CPU
		{BB6006C6-BCD8-4A9F-ADE6-940A47E83DAB}.Debug|Any CPU.ActiveCfg = Debug|Any CPU
		{BB6006C6-BCD8-4A9F-ADE6-940A47E83DAB}.Debug|Any CPU.Build.0 = Debug|Any CPU
		{BB6006C6-BCD8-4A9F-ADE6-940A47E83DAB}.Release|Any CPU.ActiveCfg = Release|Any CPU
		{BB6006C6-BCD8-4A9F-ADE6-940A47E83DAB}.Release|Any CPU.Build.0 = Release|Any CPU
		{B76666A6-298D-4BA0-A1BD-E450E2E8E079}.Debug|Any CPU.ActiveCfg = Debug|Any CPU
		{B76666A6-298D-4BA0-A1BD-E450E2E8E079}.Debug|Any CPU.Build.0 = Debug|Any CPU
		{B76666A6-298D-4BA0-A1BD-E450E2E8E079}.Release|Any CPU.ActiveCfg = Release|Any CPU
		{B76666A6-298D-4BA0-A1BD-E450E2E8E079}.Release|Any CPU.Build.0 = Release|Any CPU
	EndGlobalSection
	GlobalSection(SolutionProperties) = preSolution
		HideSolutionNode = FALSE
	EndGlobalSection
	GlobalSection(NestedProjects) = preSolution
		{009C1E99-1EF9-4870-BD23-9C392F7D2CDD} = {EA555F6B-85D7-4599-A699-21DA7782F6E1}
		{04EBB3C5-C883-4DBB-AD93-B8BE18D75CFB} = {58843026-A0E1-4B0F-8215-58176CA265A4}
		{17AE8E92-97AA-4B7D-B157-6BF6E348616B} = {58843026-A0E1-4B0F-8215-58176CA265A4}
		{4F37FFBA-A5D7-41B9-86F3-D676768614DC} = {58843026-A0E1-4B0F-8215-58176CA265A4}
		{DCFDEB98-65A9-4A42-B835-59C4EA341D06} = {58843026-A0E1-4B0F-8215-58176CA265A4}
		{555312FD-A281-4969-B122-9AFDF850EBF1} = {58843026-A0E1-4B0F-8215-58176CA265A4}
		{3167D087-721D-4EA9-99C1-C6585A0725A4} = {58843026-A0E1-4B0F-8215-58176CA265A4}
		{21B91041-0447-4AFF-820F-F35767D2B414} = {EA555F6B-85D7-4599-A699-21DA7782F6E1}
		{59EE9EC8-12AE-44EF-8DBA-052A4A476D4F} = {21B91041-0447-4AFF-820F-F35767D2B414}
		{217D43E6-DA46-4828-9600-6F4102D7D30F} = {009C1E99-1EF9-4870-BD23-9C392F7D2CDD}
		{F087401B-A067-4FE5-B26E-3BD57502682C} = {009C1E99-1EF9-4870-BD23-9C392F7D2CDD}
		{B71CF071-B85C-4F91-996C-21E38487B4DD} = {5062AD66-CE3C-43BF-89F1-6E493AACE763}
		{CCE40BD2-3C20-483F-8459-465CB713A705} = {58843026-A0E1-4B0F-8215-58176CA265A4}
		{BB6006C6-BCD8-4A9F-ADE6-940A47E83DAB} = {58843026-A0E1-4B0F-8215-58176CA265A4}
		{B76666A6-298D-4BA0-A1BD-E450E2E8E079} = {009C1E99-1EF9-4870-BD23-9C392F7D2CDD}
	EndGlobalSection
	GlobalSection(ExtensibilityGlobals) = postSolution
		SolutionGuid = {7BBA7400-4BD6-428B-9E2F-88DBFEE9CAFF}
	EndGlobalSection
EndGlobal
